// !$*UTF8*$!
{
	archiveVersion = 1;
	classes = {
	};
	objectVersion = 77;
	objects = {

/* Begin PBXBuildFile section */
		BD07E3AF2F258CF100566CDE /* RecentVisitsView.swift in Sources */ = {isa = PBXBuildFile; fileRef = BD07E3AE2F258CEE00566CDE /* RecentVisitsView.swift */; };
		BD07E3B22F25925300566CDE /* EditProfileView.swift in Sources */ = {isa = PBXBuildFile; fileRef = BD07E3B12F25924D00566CDE /* EditProfileView.swift */; };
		BD07E3B42F259B5A00566CDE /* AllBadgesView.swift in Sources */ = {isa = PBXBuildFile; fileRef = BD07E3B32F259B5700566CDE /* AllBadgesView.swift */; };
		BD2598B82E9828DA00AC260F /* TempleClient.swift in Sources */ = {isa = PBXBuildFile; fileRef = BD2598B72E9828D500AC260F /* TempleClient.swift */; };
		BD2598BA2E98290000AC260F /* Temple.swift in Sources */ = {isa = PBXBuildFile; fileRef = BD2598B92E9828F900AC260F /* Temple.swift */; };
		BD2EED592EA75A1D009C6160 /* Extensions.swift in Sources */ = {isa = PBXBuildFile; fileRef = BD2EED582EA75A1A009C6160 /* Extensions.swift */; };
		BD2EED5F2EA765E2009C6160 /* CameraPicker.swift in Sources */ = {isa = PBXBuildFile; fileRef = BD2EED5E2EA765DC009C6160 /* CameraPicker.swift */; };
		BD4254342E978D3800ECF06A /* Assets.xcassets in Resources */ = {isa = PBXBuildFile; fileRef = BD4254332E978D3800ECF06A /* Assets.xcassets */; };
		BD4254402E978D3800ECF06A /* templeTagTests.swift in Sources */ = {isa = PBXBuildFile; fileRef = BD42543F2E978D3800ECF06A /* templeTagTests.swift */; };
		BD42544A2E978D3800ECF06A /* templeTagUITests.swift in Sources */ = {isa = PBXBuildFile; fileRef = BD4254492E978D3800ECF06A /* templeTagUITests.swift */; };
		BD42544C2E978D3800ECF06A /* templeTagUITestsLaunchTests.swift in Sources */ = {isa = PBXBuildFile; fileRef = BD42544B2E978D3800ECF06A /* templeTagUITestsLaunchTests.swift */; };
		BD42545B2E978ED000ECF06A /* MainTabView.swift in Sources */ = {isa = PBXBuildFile; fileRef = BD42545A2E978ECE00ECF06A /* MainTabView.swift */; };
		BD4254632E978F9A00ECF06A /* ProfileView.swift in Sources */ = {isa = PBXBuildFile; fileRef = BD4254622E978F9600ECF06A /* ProfileView.swift */; };
		BD4254652E978FA900ECF06A /* AllTemplesMapView.swift in Sources */ = {isa = PBXBuildFile; fileRef = BD4254642E978FA500ECF06A /* AllTemplesMapView.swift */; };
		BD4254672E978FFF00ECF06A /* SearchView.swift in Sources */ = {isa = PBXBuildFile; fileRef = BD4254662E978FFD00ECF06A /* SearchView.swift */; };
		BD4254692E97900900ECF06A /* HomeView.swift in Sources */ = {isa = PBXBuildFile; fileRef = BD4254682E97900700ECF06A /* HomeView.swift */; };
		BD42546B2E9790AE00ECF06A /* LaunchScreen.storyboard in Resources */ = {isa = PBXBuildFile; fileRef = BD42546A2E9790AE00ECF06A /* LaunchScreen.storyboard */; };
		BD4254732E9793AF00ECF06A /* LocationAuth.swift in Sources */ = {isa = PBXBuildFile; fileRef = BD4254722E9793AB00ECF06A /* LocationAuth.swift */; };
		BD5C53352EA551C9005C819B /* TempleTagApp.swift in Sources */ = {isa = PBXBuildFile; fileRef = BD5C53342EA551C4005C819B /* TempleTagApp.swift */; };
		BD6269FF2E993B7100FA087C /* ShowOnMap.swift in Sources */ = {isa = PBXBuildFile; fileRef = BD6269FE2E993B6E00FA087C /* ShowOnMap.swift */; };
		BD626A012E99410000FA087C /* MapsMainView.swift in Sources */ = {isa = PBXBuildFile; fileRef = BD626A002E9940F900FA087C /* MapsMainView.swift */; };
		BD626A032E9942BF00FA087C /* MapsViewModel.swift in Sources */ = {isa = PBXBuildFile; fileRef = BD626A022E9942BA00FA087C /* MapsViewModel.swift */; };
		BD6ACDDF2E9D51A60021C482 /* Visit.swift in Sources */ = {isa = PBXBuildFile; fileRef = BD6ACDDE2E9D51990021C482 /* Visit.swift */; };
		BD6ACDE12E9D52EE0021C482 /* ProfileViewModel.swift in Sources */ = {isa = PBXBuildFile; fileRef = BD6ACDE02E9D52EB0021C482 /* ProfileViewModel.swift */; };
		BD6ACDE52E9D5D530021C482 /* ViewComponents.swift in Sources */ = {isa = PBXBuildFile; fileRef = BD6ACDE42E9D5D4E0021C482 /* ViewComponents.swift */; };
		BDA3DEAE2F23473B000F75A1 /* AddVisitRootView.swift in Sources */ = {isa = PBXBuildFile; fileRef = BDA3DEAD2F234738000F75A1 /* AddVisitRootView.swift */; };
		BDA3DEB22F234879000F75A1 /* Goal.swift in Sources */ = {isa = PBXBuildFile; fileRef = BDA3DEB12F234878000F75A1 /* Goal.swift */; };
		BDA3DEB42F23488D000F75A1 /* Badge.swift in Sources */ = {isa = PBXBuildFile; fileRef = BDA3DEB32F23488C000F75A1 /* Badge.swift */; };
		BDA3DEB62F247C48000F75A1 /* PlanVisitView.swift in Sources */ = {isa = PBXBuildFile; fileRef = BDA3DEB52F247C46000F75A1 /* PlanVisitView.swift */; };
		BDA3DEB82F247C5F000F75A1 /* RecordVisit.swift in Sources */ = {isa = PBXBuildFile; fileRef = BDA3DEB72F247C5C000F75A1 /* RecordVisit.swift */; };
		BDB4396A2EA4B1CA00806775 /* AuthRouter.swift in Sources */ = {isa = PBXBuildFile; fileRef = BDB439692EA4B1C800806775 /* AuthRouter.swift */; };
		BDB4396E2EA4B2BA00806775 /* AuthSheetView.swift in Sources */ = {isa = PBXBuildFile; fileRef = BDB4396D2EA4B2B800806775 /* AuthSheetView.swift */; };
		BDB439702EA4BA4B00806775 /* AuthButton.swift in Sources */ = {isa = PBXBuildFile; fileRef = BDB4396F2EA4BA4800806775 /* AuthButton.swift */; };
		BDB7F4D92E9897D600CA2483 /* TempleViewModel.swift in Sources */ = {isa = PBXBuildFile; fileRef = BDB7F4D82E9897D400CA2483 /* TempleViewModel.swift */; };
		BDB7F4E42E98BD4F00CA2483 /* TempleDetailView.swift in Sources */ = {isa = PBXBuildFile; fileRef = BDB7F4E32E98BD4D00CA2483 /* TempleDetailView.swift */; };
		BDFA7EB22E9E247D006A9577 /* GoogleSignInSwift in Frameworks */ = {isa = PBXBuildFile; productRef = BDFA7EB12E9E247D006A9577 /* GoogleSignInSwift */; };
		BDFA7EB42E9E254D006A9577 /* AuthViewModel.swift in Sources */ = {isa = PBXBuildFile; fileRef = BDFA7EB32E9E2549006A9577 /* AuthViewModel.swift */; };
		BDFB53052E9E163B00CA6CD8 /* FirebaseAuth in Frameworks */ = {isa = PBXBuildFile; productRef = BDFB53042E9E163B00CA6CD8 /* FirebaseAuth */; };
		BDFB53072E9E163B00CA6CD8 /* FirebaseCore in Frameworks */ = {isa = PBXBuildFile; productRef = BDFB53062E9E163B00CA6CD8 /* FirebaseCore */; };
		BDFB53092E9E163B00CA6CD8 /* FirebaseFirestore in Frameworks */ = {isa = PBXBuildFile; productRef = BDFB53082E9E163B00CA6CD8 /* FirebaseFirestore */; };
		BDFB530B2E9E16F700CA6CD8 /* AppDelegate.swift in Sources */ = {isa = PBXBuildFile; fileRef = BDFB530A2E9E16EC00CA6CD8 /* AppDelegate.swift */; };
		BDFB530E2E9E1A0A00CA6CD8 /* GoogleSignIn in Frameworks */ = {isa = PBXBuildFile; productRef = BDFB530D2E9E1A0A00CA6CD8 /* GoogleSignIn */; };
		BDFB53102E9E207100CA6CD8 /* GoogleService-Info.plist in Resources */ = {isa = PBXBuildFile; fileRef = BDFB530F2E9E207100CA6CD8 /* GoogleService-Info.plist */; };
/* End PBXBuildFile section */

/* Begin PBXContainerItemProxy section */
		BD42543C2E978D3800ECF06A /* PBXContainerItemProxy */ = {
			isa = PBXContainerItemProxy;
			containerPortal = BD4254222E978D3700ECF06A /* Project object */;
			proxyType = 1;
			remoteGlobalIDString = BD4254292E978D3700ECF06A;
			remoteInfo = templeTag;
		};
		BD4254462E978D3800ECF06A /* PBXContainerItemProxy */ = {
			isa = PBXContainerItemProxy;
			containerPortal = BD4254222E978D3700ECF06A /* Project object */;
			proxyType = 1;
			remoteGlobalIDString = BD4254292E978D3700ECF06A;
			remoteInfo = templeTag;
		};
/* End PBXContainerItemProxy section */

/* Begin PBXFileReference section */
		BD07E3AE2F258CEE00566CDE /* RecentVisitsView.swift */ = {isa = PBXFileReference; lastKnownFileType = sourcecode.swift; path = RecentVisitsView.swift; sourceTree = "<group>"; };
		BD07E3B12F25924D00566CDE /* EditProfileView.swift */ = {isa = PBXFileReference; lastKnownFileType = sourcecode.swift; path = EditProfileView.swift; sourceTree = "<group>"; };
		BD07E3B32F259B5700566CDE /* AllBadgesView.swift */ = {isa = PBXFileReference; lastKnownFileType = sourcecode.swift; path = AllBadgesView.swift; sourceTree = "<group>"; };
		BD2598B72E9828D500AC260F /* TempleClient.swift */ = {isa = PBXFileReference; lastKnownFileType = sourcecode.swift; path = TempleClient.swift; sourceTree = "<group>"; };
		BD2598B92E9828F900AC260F /* Temple.swift */ = {isa = PBXFileReference; lastKnownFileType = sourcecode.swift; path = Temple.swift; sourceTree = "<group>"; };
		BD2EED582EA75A1A009C6160 /* Extensions.swift */ = {isa = PBXFileReference; lastKnownFileType = sourcecode.swift; path = Extensions.swift; sourceTree = "<group>"; };
		BD2EED5E2EA765DC009C6160 /* CameraPicker.swift */ = {isa = PBXFileReference; lastKnownFileType = sourcecode.swift; path = CameraPicker.swift; sourceTree = "<group>"; };
		BD42542A2E978D3700ECF06A /* templeTag.app */ = {isa = PBXFileReference; explicitFileType = wrapper.application; includeInIndex = 0; path = templeTag.app; sourceTree = BUILT_PRODUCTS_DIR; };
		BD4254332E978D3800ECF06A /* Assets.xcassets */ = {isa = PBXFileReference; lastKnownFileType = folder.assetcatalog; path = Assets.xcassets; sourceTree = "<group>"; };
		BD4254352E978D3800ECF06A /* templeTag.entitlements */ = {isa = PBXFileReference; lastKnownFileType = text.plist.entitlements; path = templeTag.entitlements; sourceTree = "<group>"; };
		BD4254362E978D3800ECF06A /* Info.plist */ = {isa = PBXFileReference; lastKnownFileType = text.plist.xml; path = Info.plist; sourceTree = "<group>"; };
		BD42543B2E978D3800ECF06A /* templeTagTests.xctest */ = {isa = PBXFileReference; explicitFileType = wrapper.cfbundle; includeInIndex = 0; path = templeTagTests.xctest; sourceTree = BUILT_PRODUCTS_DIR; };
		BD42543F2E978D3800ECF06A /* templeTagTests.swift */ = {isa = PBXFileReference; lastKnownFileType = sourcecode.swift; path = templeTagTests.swift; sourceTree = "<group>"; };
		BD4254452E978D3800ECF06A /* templeTagUITests.xctest */ = {isa = PBXFileReference; explicitFileType = wrapper.cfbundle; includeInIndex = 0; path = templeTagUITests.xctest; sourceTree = BUILT_PRODUCTS_DIR; };
		BD4254492E978D3800ECF06A /* templeTagUITests.swift */ = {isa = PBXFileReference; lastKnownFileType = sourcecode.swift; path = templeTagUITests.swift; sourceTree = "<group>"; };
		BD42544B2E978D3800ECF06A /* templeTagUITestsLaunchTests.swift */ = {isa = PBXFileReference; lastKnownFileType = sourcecode.swift; path = templeTagUITestsLaunchTests.swift; sourceTree = "<group>"; };
		BD42545A2E978ECE00ECF06A /* MainTabView.swift */ = {isa = PBXFileReference; lastKnownFileType = sourcecode.swift; path = MainTabView.swift; sourceTree = "<group>"; };
		BD4254622E978F9600ECF06A /* ProfileView.swift */ = {isa = PBXFileReference; lastKnownFileType = sourcecode.swift; path = ProfileView.swift; sourceTree = "<group>"; };
		BD4254642E978FA500ECF06A /* AllTemplesMapView.swift */ = {isa = PBXFileReference; lastKnownFileType = sourcecode.swift; path = AllTemplesMapView.swift; sourceTree = "<group>"; };
		BD4254662E978FFD00ECF06A /* SearchView.swift */ = {isa = PBXFileReference; lastKnownFileType = sourcecode.swift; path = SearchView.swift; sourceTree = "<group>"; };
		BD4254682E97900700ECF06A /* HomeView.swift */ = {isa = PBXFileReference; lastKnownFileType = sourcecode.swift; path = HomeView.swift; sourceTree = "<group>"; };
		BD42546A2E9790AE00ECF06A /* LaunchScreen.storyboard */ = {isa = PBXFileReference; lastKnownFileType = file.storyboard; path = LaunchScreen.storyboard; sourceTree = "<group>"; };
		BD4254722E9793AB00ECF06A /* LocationAuth.swift */ = {isa = PBXFileReference; lastKnownFileType = sourcecode.swift; path = LocationAuth.swift; sourceTree = "<group>"; };
		BD5C53342EA551C4005C819B /* TempleTagApp.swift */ = {isa = PBXFileReference; lastKnownFileType = sourcecode.swift; path = TempleTagApp.swift; sourceTree = "<group>"; };
		BD6269FE2E993B6E00FA087C /* ShowOnMap.swift */ = {isa = PBXFileReference; lastKnownFileType = sourcecode.swift; path = ShowOnMap.swift; sourceTree = "<group>"; };
		BD626A002E9940F900FA087C /* MapsMainView.swift */ = {isa = PBXFileReference; lastKnownFileType = sourcecode.swift; path = MapsMainView.swift; sourceTree = "<group>"; };
		BD626A022E9942BA00FA087C /* MapsViewModel.swift */ = {isa = PBXFileReference; lastKnownFileType = sourcecode.swift; path = MapsViewModel.swift; sourceTree = "<group>"; };
		BD6ACDDE2E9D51990021C482 /* Visit.swift */ = {isa = PBXFileReference; lastKnownFileType = sourcecode.swift; path = Visit.swift; sourceTree = "<group>"; };
		BD6ACDE02E9D52EB0021C482 /* ProfileViewModel.swift */ = {isa = PBXFileReference; lastKnownFileType = sourcecode.swift; path = ProfileViewModel.swift; sourceTree = "<group>"; };
		BD6ACDE42E9D5D4E0021C482 /* ViewComponents.swift */ = {isa = PBXFileReference; lastKnownFileType = sourcecode.swift; path = ViewComponents.swift; sourceTree = "<group>"; };
		BDA3DEAD2F234738000F75A1 /* AddVisitRootView.swift */ = {isa = PBXFileReference; lastKnownFileType = sourcecode.swift; path = AddVisitRootView.swift; sourceTree = "<group>"; };
		BDA3DEB12F234878000F75A1 /* Goal.swift */ = {isa = PBXFileReference; lastKnownFileType = sourcecode.swift; path = Goal.swift; sourceTree = "<group>"; };
		BDA3DEB32F23488C000F75A1 /* Badge.swift */ = {isa = PBXFileReference; lastKnownFileType = sourcecode.swift; path = Badge.swift; sourceTree = "<group>"; };
		BDA3DEB52F247C46000F75A1 /* PlanVisitView.swift */ = {isa = PBXFileReference; lastKnownFileType = sourcecode.swift; path = PlanVisitView.swift; sourceTree = "<group>"; };
		BDA3DEB72F247C5C000F75A1 /* RecordVisit.swift */ = {isa = PBXFileReference; lastKnownFileType = sourcecode.swift; path = RecordVisit.swift; sourceTree = "<group>"; };
		BDB439692EA4B1C800806775 /* AuthRouter.swift */ = {isa = PBXFileReference; lastKnownFileType = sourcecode.swift; path = AuthRouter.swift; sourceTree = "<group>"; };
		BDB4396D2EA4B2B800806775 /* AuthSheetView.swift */ = {isa = PBXFileReference; lastKnownFileType = sourcecode.swift; path = AuthSheetView.swift; sourceTree = "<group>"; };
		BDB4396F2EA4BA4800806775 /* AuthButton.swift */ = {isa = PBXFileReference; lastKnownFileType = sourcecode.swift; path = AuthButton.swift; sourceTree = "<group>"; };
		BDB7F4D82E9897D400CA2483 /* TempleViewModel.swift */ = {isa = PBXFileReference; lastKnownFileType = sourcecode.swift; path = TempleViewModel.swift; sourceTree = "<group>"; };
		BDB7F4E32E98BD4D00CA2483 /* TempleDetailView.swift */ = {isa = PBXFileReference; lastKnownFileType = sourcecode.swift; path = TempleDetailView.swift; sourceTree = "<group>"; };
		BDFA7EB32E9E2549006A9577 /* AuthViewModel.swift */ = {isa = PBXFileReference; lastKnownFileType = sourcecode.swift; path = AuthViewModel.swift; sourceTree = "<group>"; };
		BDFB530A2E9E16EC00CA6CD8 /* AppDelegate.swift */ = {isa = PBXFileReference; lastKnownFileType = sourcecode.swift; path = AppDelegate.swift; sourceTree = "<group>"; };
		BDFB530F2E9E207100CA6CD8 /* GoogleService-Info.plist */ = {isa = PBXFileReference; lastKnownFileType = text.plist.xml; path = "GoogleService-Info.plist"; sourceTree = "<group>"; };
/* End PBXFileReference section */

/* Begin PBXFrameworksBuildPhase section */
		BD4254272E978D3700ECF06A /* Frameworks */ = {
			isa = PBXFrameworksBuildPhase;
			buildActionMask = 2147483647;
			files = (
				BDFA7EB22E9E247D006A9577 /* GoogleSignInSwift in Frameworks */,
				BDFB53072E9E163B00CA6CD8 /* FirebaseCore in Frameworks */,
				BDFB530E2E9E1A0A00CA6CD8 /* GoogleSignIn in Frameworks */,
				BDFB53052E9E163B00CA6CD8 /* FirebaseAuth in Frameworks */,
				BDFB53092E9E163B00CA6CD8 /* FirebaseFirestore in Frameworks */,
			);
			runOnlyForDeploymentPostprocessing = 0;
		};
		BD4254382E978D3800ECF06A /* Frameworks */ = {
			isa = PBXFrameworksBuildPhase;
			buildActionMask = 2147483647;
			files = (
			);
			runOnlyForDeploymentPostprocessing = 0;
		};
		BD4254422E978D3800ECF06A /* Frameworks */ = {
			isa = PBXFrameworksBuildPhase;
			buildActionMask = 2147483647;
			files = (
			);
			runOnlyForDeploymentPostprocessing = 0;
		};
/* End PBXFrameworksBuildPhase section */

/* Begin PBXGroup section */
		BD2598B42E98125D00AC260F /* View */ = {
			isa = PBXGroup;
			children = (
				BD626A002E9940F900FA087C /* MapsMainView.swift */,
				BD4254642E978FA500ECF06A /* AllTemplesMapView.swift */,
			);
			path = View;
			sourceTree = "<group>";
		};
		BD2598B62E9828D000AC260F /* Temples */ = {
			isa = PBXGroup;
			children = (
				BD2598B72E9828D500AC260F /* TempleClient.swift */,
				BDB7F4D82E9897D400CA2483 /* TempleViewModel.swift */,
				BDB7F4E32E98BD4D00CA2483 /* TempleDetailView.swift */,
				BD6269FE2E993B6E00FA087C /* ShowOnMap.swift */,
			);
			path = Temples;
			sourceTree = "<group>";
		};
		BD4254212E978D3700ECF06A = {
			isa = PBXGroup;
			children = (
				BD42545D2E978F3800ECF06A /* templeTag */,
				BD42545E2E978F4500ECF06A /* templeTagTests */,
				BD42545F2E978F6100ECF06A /* templeTagUITests */,
				BD42542B2E978D3700ECF06A /* Products */,
			);
			sourceTree = "<group>";
		};
		BD42542B2E978D3700ECF06A /* Products */ = {
			isa = PBXGroup;
			children = (
				BD42542A2E978D3700ECF06A /* templeTag.app */,
				BD42543B2E978D3800ECF06A /* templeTagTests.xctest */,
				BD4254452E978D3800ECF06A /* templeTagUITests.xctest */,
			);
			name = Products;
			sourceTree = "<group>";
		};
		BD42545D2E978F3800ECF06A /* templeTag */ = {
			isa = PBXGroup;
			children = (
				BD4254332E978D3800ECF06A /* Assets.xcassets */,
				BDFB530F2E9E207100CA6CD8 /* GoogleService-Info.plist */,
				BD4254362E978D3800ECF06A /* Info.plist */,
				BD4254352E978D3800ECF06A /* templeTag.entitlements */,
				BD4254612E978F7E00ECF06A /* Features */,
				BD4254602E978F7900ECF06A /* Shared */,
			);
			path = templeTag;
			sourceTree = "<group>";
		};
		BD42545E2E978F4500ECF06A /* templeTagTests */ = {
			isa = PBXGroup;
			children = (
				BD42543F2E978D3800ECF06A /* templeTagTests.swift */,
			);
			path = templeTagTests;
			sourceTree = "<group>";
		};
		BD42545F2E978F6100ECF06A /* templeTagUITests */ = {
			isa = PBXGroup;
			children = (
				BD4254492E978D3800ECF06A /* templeTagUITests.swift */,
				BD42544B2E978D3800ECF06A /* templeTagUITestsLaunchTests.swift */,
			);
			path = templeTagUITests;
			sourceTree = "<group>";
		};
		BD4254602E978F7900ECF06A /* Shared */ = {
			isa = PBXGroup;
			children = (
				BDA3DEAF2F23483A000F75A1 /* Models */,
				BD2598B62E9828D000AC260F /* Temples */,
				BD4254712E9793A000ECF06A /* Manager */,
				BD4254702E97932B00ECF06A /* View */,
			);
			path = Shared;
			sourceTree = "<group>";
		};
		BD4254612E978F7E00ECF06A /* Features */ = {
			isa = PBXGroup;
			children = (
				BD42546C2E9792FD00ECF06A /* Home */,
				BD42546F2E97931100ECF06A /* Search */,
				BDA3DEAB2F234723000F75A1 /* AddVisit */,
				BD42546E2E97930B00ECF06A /* Maps */,
				BD42546D2E97930500ECF06A /* Profile */,
			);
			path = Features;
			sourceTree = "<group>";
		};
		BD42546C2E9792FD00ECF06A /* Home */ = {
			isa = PBXGroup;
			children = (
				BDB7F4DB2E98B0EC00CA2483 /* View */,
			);
			path = Home;
			sourceTree = "<group>";
		};
		BD42546D2E97930500ECF06A /* Profile */ = {
			isa = PBXGroup;
			children = (
				BD6ACDDC2E9D517D0021C482 /* ViewModel */,
				BD6ACDDD2E9D51820021C482 /* View */,
			);
			path = Profile;
			sourceTree = "<group>";
		};
		BD42546E2E97930B00ECF06A /* Maps */ = {
			isa = PBXGroup;
			children = (
				BD626A042E9942C300FA087C /* ViewModel */,
				BD2598B42E98125D00AC260F /* View */,
			);
			path = Maps;
			sourceTree = "<group>";
		};
		BD42546F2E97931100ECF06A /* Search */ = {
			isa = PBXGroup;
			children = (
				BD6ACDE82E9D5F440021C482 /* View */,
			);
			path = Search;
			sourceTree = "<group>";
		};
		BD4254702E97932B00ECF06A /* View */ = {
			isa = PBXGroup;
			children = (
				BD5C53342EA551C4005C819B /* TempleTagApp.swift */,
				BDB4396F2EA4BA4800806775 /* AuthButton.swift */,
				BDB4396D2EA4B2B800806775 /* AuthSheetView.swift */,
				BD42545A2E978ECE00ECF06A /* MainTabView.swift */,
				BD42546A2E9790AE00ECF06A /* LaunchScreen.storyboard */,
			);
			path = View;
			sourceTree = "<group>";
		};
		BD4254712E9793A000ECF06A /* Manager */ = {
			isa = PBXGroup;
			children = (
				BD2EED5E2EA765DC009C6160 /* CameraPicker.swift */,
				BD2EED582EA75A1A009C6160 /* Extensions.swift */,
				BDB439692EA4B1C800806775 /* AuthRouter.swift */,
				BDFA7EB32E9E2549006A9577 /* AuthViewModel.swift */,
				BDFB530A2E9E16EC00CA6CD8 /* AppDelegate.swift */,
				BD4254722E9793AB00ECF06A /* LocationAuth.swift */,
			);
			path = Manager;
			sourceTree = "<group>";
		};
		BD626A042E9942C300FA087C /* ViewModel */ = {
			isa = PBXGroup;
			children = (
				BD626A022E9942BA00FA087C /* MapsViewModel.swift */,
			);
			path = ViewModel;
			sourceTree = "<group>";
		};
		BD6ACDDC2E9D517D0021C482 /* ViewModel */ = {
			isa = PBXGroup;
			children = (
				BD6ACDE02E9D52EB0021C482 /* ProfileViewModel.swift */,
			);
			path = ViewModel;
			sourceTree = "<group>";
		};
		BD6ACDDD2E9D51820021C482 /* View */ = {
			isa = PBXGroup;
			children = (
				BD4254622E978F9600ECF06A /* ProfileView.swift */,
				BD07E3B12F25924D00566CDE /* EditProfileView.swift */,
				BD07E3AE2F258CEE00566CDE /* RecentVisitsView.swift */,
				BD07E3B32F259B5700566CDE /* AllBadgesView.swift */,
				BD6ACDE42E9D5D4E0021C482 /* ViewComponents.swift */,
			);
			path = View;
			sourceTree = "<group>";
		};
		BD6ACDE82E9D5F440021C482 /* View */ = {
			isa = PBXGroup;
			children = (
				BD4254662E978FFD00ECF06A /* SearchView.swift */,
			);
			path = View;
			sourceTree = "<group>";
		};
		BDA3DEAB2F234723000F75A1 /* AddVisit */ = {
			isa = PBXGroup;
			children = (
				BDA3DEAC2F234730000F75A1 /* View */,
			);
			path = AddVisit;
			sourceTree = "<group>";
		};
		BDA3DEAC2F234730000F75A1 /* View */ = {
			isa = PBXGroup;
			children = (
				BDA3DEAD2F234738000F75A1 /* AddVisitRootView.swift */,
				BDA3DEB72F247C5C000F75A1 /* RecordVisit.swift */,
				BDA3DEB52F247C46000F75A1 /* PlanVisitView.swift */,
			);
			path = View;
			sourceTree = "<group>";
		};
		BDA3DEAF2F23483A000F75A1 /* Models */ = {
			isa = PBXGroup;
			children = (
				BD2598B92E9828F900AC260F /* Temple.swift */,
				BD6ACDDE2E9D51990021C482 /* Visit.swift */,
				BDA3DEB32F23488C000F75A1 /* Badge.swift */,
				BDA3DEB12F234878000F75A1 /* Goal.swift */,
			);
			path = Models;
			sourceTree = "<group>";
		};
		BDB7F4DB2E98B0EC00CA2483 /* View */ = {
			isa = PBXGroup;
			children = (
				BD4254682E97900700ECF06A /* HomeView.swift */,
			);
			path = View;
			sourceTree = "<group>";
		};
/* End PBXGroup section */

/* Begin PBXNativeTarget section */
		BD4254292E978D3700ECF06A /* templeTag */ = {
			isa = PBXNativeTarget;
			buildConfigurationList = BD42544E2E978D3800ECF06A /* Build configuration list for PBXNativeTarget "templeTag" */;
			buildPhases = (
				BD4254262E978D3700ECF06A /* Sources */,
				BD4254272E978D3700ECF06A /* Frameworks */,
				BD4254282E978D3700ECF06A /* Resources */,
			);
			buildRules = (
			);
			dependencies = (
			);
			name = templeTag;
			packageProductDependencies = (
				BDFB53042E9E163B00CA6CD8 /* FirebaseAuth */,
				BDFB53062E9E163B00CA6CD8 /* FirebaseCore */,
				BDFB53082E9E163B00CA6CD8 /* FirebaseFirestore */,
				BDFB530D2E9E1A0A00CA6CD8 /* GoogleSignIn */,
				BDFA7EB12E9E247D006A9577 /* GoogleSignInSwift */,
			);
			productName = templeTag;
			productReference = BD42542A2E978D3700ECF06A /* templeTag.app */;
			productType = "com.apple.product-type.application";
		};
		BD42543A2E978D3800ECF06A /* templeTagTests */ = {
			isa = PBXNativeTarget;
			buildConfigurationList = BD4254532E978D3800ECF06A /* Build configuration list for PBXNativeTarget "templeTagTests" */;
			buildPhases = (
				BD4254372E978D3800ECF06A /* Sources */,
				BD4254382E978D3800ECF06A /* Frameworks */,
				BD4254392E978D3800ECF06A /* Resources */,
			);
			buildRules = (
			);
			dependencies = (
				BD42543D2E978D3800ECF06A /* PBXTargetDependency */,
			);
			name = templeTagTests;
			packageProductDependencies = (
			);
			productName = templeTagTests;
			productReference = BD42543B2E978D3800ECF06A /* templeTagTests.xctest */;
			productType = "com.apple.product-type.bundle.unit-test";
		};
		BD4254442E978D3800ECF06A /* templeTagUITests */ = {
			isa = PBXNativeTarget;
			buildConfigurationList = BD4254562E978D3800ECF06A /* Build configuration list for PBXNativeTarget "templeTagUITests" */;
			buildPhases = (
				BD4254412E978D3800ECF06A /* Sources */,
				BD4254422E978D3800ECF06A /* Frameworks */,
				BD4254432E978D3800ECF06A /* Resources */,
			);
			buildRules = (
			);
			dependencies = (
				BD4254472E978D3800ECF06A /* PBXTargetDependency */,
			);
			name = templeTagUITests;
			packageProductDependencies = (
			);
			productName = templeTagUITests;
			productReference = BD4254452E978D3800ECF06A /* templeTagUITests.xctest */;
			productType = "com.apple.product-type.bundle.ui-testing";
		};
/* End PBXNativeTarget section */

/* Begin PBXProject section */
		BD4254222E978D3700ECF06A /* Project object */ = {
			isa = PBXProject;
			attributes = {
				BuildIndependentTargetsInParallel = 1;
				LastSwiftUpdateCheck = 2600;
				LastUpgradeCheck = 2600;
				TargetAttributes = {
					BD4254292E978D3700ECF06A = {
						CreatedOnToolsVersion = 26.0.1;
					};
					BD42543A2E978D3800ECF06A = {
						CreatedOnToolsVersion = 26.0.1;
						TestTargetID = BD4254292E978D3700ECF06A;
					};
					BD4254442E978D3800ECF06A = {
						CreatedOnToolsVersion = 26.0.1;
						TestTargetID = BD4254292E978D3700ECF06A;
					};
				};
			};
			buildConfigurationList = BD4254252E978D3700ECF06A /* Build configuration list for PBXProject "templeTag" */;
			developmentRegion = en;
			hasScannedForEncodings = 0;
			knownRegions = (
				en,
				Base,
			);
			mainGroup = BD4254212E978D3700ECF06A;
			minimizedProjectReferenceProxies = 1;
			packageReferences = (
				BDFB53032E9E163B00CA6CD8 /* XCRemoteSwiftPackageReference "firebase-ios-sdk" */,
				BDFB530C2E9E1A0A00CA6CD8 /* XCRemoteSwiftPackageReference "GoogleSignIn-iOS" */,
			);
			preferredProjectObjectVersion = 77;
			productRefGroup = BD42542B2E978D3700ECF06A /* Products */;
			projectDirPath = "";
			projectRoot = "";
			targets = (
				BD4254292E978D3700ECF06A /* templeTag */,
				BD42543A2E978D3800ECF06A /* templeTagTests */,
				BD4254442E978D3800ECF06A /* templeTagUITests */,
			);
		};
/* End PBXProject section */

/* Begin PBXResourcesBuildPhase section */
		BD4254282E978D3700ECF06A /* Resources */ = {
			isa = PBXResourcesBuildPhase;
			buildActionMask = 2147483647;
			files = (
				BD4254342E978D3800ECF06A /* Assets.xcassets in Resources */,
				BD42546B2E9790AE00ECF06A /* LaunchScreen.storyboard in Resources */,
				BDFB53102E9E207100CA6CD8 /* GoogleService-Info.plist in Resources */,
			);
			runOnlyForDeploymentPostprocessing = 0;
		};
		BD4254392E978D3800ECF06A /* Resources */ = {
			isa = PBXResourcesBuildPhase;
			buildActionMask = 2147483647;
			files = (
			);
			runOnlyForDeploymentPostprocessing = 0;
		};
		BD4254432E978D3800ECF06A /* Resources */ = {
			isa = PBXResourcesBuildPhase;
			buildActionMask = 2147483647;
			files = (
			);
			runOnlyForDeploymentPostprocessing = 0;
		};
/* End PBXResourcesBuildPhase section */

/* Begin PBXSourcesBuildPhase section */
		BD4254262E978D3700ECF06A /* Sources */ = {
			isa = PBXSourcesBuildPhase;
			buildActionMask = 2147483647;
			files = (
				BD4254672E978FFF00ECF06A /* SearchView.swift in Sources */,
				BD6ACDE52E9D5D530021C482 /* ViewComponents.swift in Sources */,
				BDB4396A2EA4B1CA00806775 /* AuthRouter.swift in Sources */,
				BDA3DEB82F247C5F000F75A1 /* RecordVisit.swift in Sources */,
				BD626A032E9942BF00FA087C /* MapsViewModel.swift in Sources */,
				BDB7F4D92E9897D600CA2483 /* TempleViewModel.swift in Sources */,
				BDB7F4E42E98BD4F00CA2483 /* TempleDetailView.swift in Sources */,
				BD626A012E99410000FA087C /* MapsMainView.swift in Sources */,
				BD07E3B42F259B5A00566CDE /* AllBadgesView.swift in Sources */,
				BDA3DEB42F23488D000F75A1 /* Badge.swift in Sources */,
				BDFA7EB42E9E254D006A9577 /* AuthViewModel.swift in Sources */,
				BDB439702EA4BA4B00806775 /* AuthButton.swift in Sources */,
				BD4254732E9793AF00ECF06A /* LocationAuth.swift in Sources */,
				BD07E3AF2F258CF100566CDE /* RecentVisitsView.swift in Sources */,
				BDA3DEB62F247C48000F75A1 /* PlanVisitView.swift in Sources */,
				BD6ACDDF2E9D51A60021C482 /* Visit.swift in Sources */,
				BDA3DEAE2F23473B000F75A1 /* AddVisitRootView.swift in Sources */,
				BD2598BA2E98290000AC260F /* Temple.swift in Sources */,
				BD5C53352EA551C9005C819B /* TempleTagApp.swift in Sources */,
				BDB4396E2EA4B2BA00806775 /* AuthSheetView.swift in Sources */,
				BD2598B82E9828DA00AC260F /* TempleClient.swift in Sources */,
				BD4254652E978FA900ECF06A /* AllTemplesMapView.swift in Sources */,
				BD07E3B22F25925300566CDE /* EditProfileView.swift in Sources */,
				BDFB530B2E9E16F700CA6CD8 /* AppDelegate.swift in Sources */,
				BD4254692E97900900ECF06A /* HomeView.swift in Sources */,
				BDA3DEB22F234879000F75A1 /* Goal.swift in Sources */,
				BD4254632E978F9A00ECF06A /* ProfileView.swift in Sources */,
				BD2EED592EA75A1D009C6160 /* Extensions.swift in Sources */,
				BD6269FF2E993B7100FA087C /* ShowOnMap.swift in Sources */,
				BD2EED5F2EA765E2009C6160 /* CameraPicker.swift in Sources */,
				BD6ACDE12E9D52EE0021C482 /* ProfileViewModel.swift in Sources */,
				BD42545B2E978ED000ECF06A /* MainTabView.swift in Sources */,
			);
			runOnlyForDeploymentPostprocessing = 0;
		};
		BD4254372E978D3800ECF06A /* Sources */ = {
			isa = PBXSourcesBuildPhase;
			buildActionMask = 2147483647;
			files = (
				BD4254402E978D3800ECF06A /* templeTagTests.swift in Sources */,
			);
			runOnlyForDeploymentPostprocessing = 0;
		};
		BD4254412E978D3800ECF06A /* Sources */ = {
			isa = PBXSourcesBuildPhase;
			buildActionMask = 2147483647;
			files = (
				BD42544C2E978D3800ECF06A /* templeTagUITestsLaunchTests.swift in Sources */,
				BD42544A2E978D3800ECF06A /* templeTagUITests.swift in Sources */,
			);
			runOnlyForDeploymentPostprocessing = 0;
		};
/* End PBXSourcesBuildPhase section */

/* Begin PBXTargetDependency section */
		BD42543D2E978D3800ECF06A /* PBXTargetDependency */ = {
			isa = PBXTargetDependency;
			target = BD4254292E978D3700ECF06A /* templeTag */;
			targetProxy = BD42543C2E978D3800ECF06A /* PBXContainerItemProxy */;
		};
		BD4254472E978D3800ECF06A /* PBXTargetDependency */ = {
			isa = PBXTargetDependency;
			target = BD4254292E978D3700ECF06A /* templeTag */;
			targetProxy = BD4254462E978D3800ECF06A /* PBXContainerItemProxy */;
		};
/* End PBXTargetDependency section */

/* Begin XCBuildConfiguration section */
		BD42544F2E978D3800ECF06A /* Debug */ = {
			isa = XCBuildConfiguration;
			buildSettings = {
				ASSETCATALOG_COMPILER_APPICON_NAME = AppIcon;
				ASSETCATALOG_COMPILER_GLOBAL_ACCENT_COLOR_NAME = AccentColor;
				CODE_SIGN_ENTITLEMENTS = templeTag/templeTag.entitlements;
				CODE_SIGN_STYLE = Automatic;
				CURRENT_PROJECT_VERSION = 1;
				DEVELOPMENT_TEAM = X4Z5HF2BAJ;
				ENABLE_PREVIEWS = YES;
				GENERATE_INFOPLIST_FILE = YES;
				INFOPLIST_FILE = templeTag/Info.plist;
				INFOPLIST_KEY_CFBundleDisplayName = "Temple Tag";
				INFOPLIST_KEY_NSLocationWhenInUseUsageDescription = "We show your location on the map to help you navigate.";
				INFOPLIST_KEY_UIApplicationSceneManifest_Generation = YES;
				INFOPLIST_KEY_UIApplicationSupportsIndirectInputEvents = YES;
				INFOPLIST_KEY_UILaunchScreen_Generation = YES;
				INFOPLIST_KEY_UILaunchStoryboardName = LaunchScreen.storyboard;
				INFOPLIST_KEY_UISupportedInterfaceOrientations_iPad = "UIInterfaceOrientationPortrait UIInterfaceOrientationPortraitUpsideDown UIInterfaceOrientationLandscapeLeft UIInterfaceOrientationLandscapeRight";
				INFOPLIST_KEY_UISupportedInterfaceOrientations_iPhone = "UIInterfaceOrientationPortrait UIInterfaceOrientationLandscapeLeft UIInterfaceOrientationLandscapeRight";
				IPHONEOS_DEPLOYMENT_TARGET = 18.6;
				LD_RUNPATH_SEARCH_PATHS = (
					"$(inherited)",
					"@executable_path/Frameworks",
				);
				MARKETING_VERSION = 1.0;
				PRODUCT_BUNDLE_IDENTIFIER = com.sphynx.templeTag;
				PRODUCT_NAME = "$(TARGET_NAME)";
				STRING_CATALOG_GENERATE_SYMBOLS = YES;
				SWIFT_APPROACHABLE_CONCURRENCY = YES;
				SWIFT_DEFAULT_ACTOR_ISOLATION = MainActor;
				SWIFT_EMIT_LOC_STRINGS = YES;
				SWIFT_UPCOMING_FEATURE_MEMBER_IMPORT_VISIBILITY = YES;
				SWIFT_VERSION = 5.0;
				TARGETED_DEVICE_FAMILY = "1,2";
			};
			name = Debug;
		};
		BD4254502E978D3800ECF06A /* Release */ = {
			isa = XCBuildConfiguration;
			buildSettings = {
				ASSETCATALOG_COMPILER_APPICON_NAME = AppIcon;
				ASSETCATALOG_COMPILER_GLOBAL_ACCENT_COLOR_NAME = AccentColor;
				CODE_SIGN_ENTITLEMENTS = templeTag/templeTag.entitlements;
				CODE_SIGN_STYLE = Automatic;
				CURRENT_PROJECT_VERSION = 1;
				DEVELOPMENT_TEAM = X4Z5HF2BAJ;
				ENABLE_PREVIEWS = YES;
				GENERATE_INFOPLIST_FILE = YES;
				INFOPLIST_FILE = templeTag/Info.plist;
				INFOPLIST_KEY_CFBundleDisplayName = "Temple Tag";
				INFOPLIST_KEY_NSLocationWhenInUseUsageDescription = "We show your location on the map to help you navigate.";
				INFOPLIST_KEY_UIApplicationSceneManifest_Generation = YES;
				INFOPLIST_KEY_UIApplicationSupportsIndirectInputEvents = YES;
				INFOPLIST_KEY_UILaunchScreen_Generation = YES;
				INFOPLIST_KEY_UILaunchStoryboardName = LaunchScreen.storyboard;
				INFOPLIST_KEY_UISupportedInterfaceOrientations_iPad = "UIInterfaceOrientationPortrait UIInterfaceOrientationPortraitUpsideDown UIInterfaceOrientationLandscapeLeft UIInterfaceOrientationLandscapeRight";
				INFOPLIST_KEY_UISupportedInterfaceOrientations_iPhone = "UIInterfaceOrientationPortrait UIInterfaceOrientationLandscapeLeft UIInterfaceOrientationLandscapeRight";
				IPHONEOS_DEPLOYMENT_TARGET = 18.6;
				LD_RUNPATH_SEARCH_PATHS = (
					"$(inherited)",
					"@executable_path/Frameworks",
				);
				MARKETING_VERSION = 1.0;
				PRODUCT_BUNDLE_IDENTIFIER = com.sphynx.templeTag;
				PRODUCT_NAME = "$(TARGET_NAME)";
				STRING_CATALOG_GENERATE_SYMBOLS = YES;
				SWIFT_APPROACHABLE_CONCURRENCY = YES;
				SWIFT_DEFAULT_ACTOR_ISOLATION = MainActor;
				SWIFT_EMIT_LOC_STRINGS = YES;
				SWIFT_UPCOMING_FEATURE_MEMBER_IMPORT_VISIBILITY = YES;
				SWIFT_VERSION = 5.0;
				TARGETED_DEVICE_FAMILY = "1,2";
			};
			name = Release;
		};
		BD4254512E978D3800ECF06A /* Debug */ = {
			isa = XCBuildConfiguration;
			buildSettings = {
				ALWAYS_SEARCH_USER_PATHS = NO;
				ASSETCATALOG_COMPILER_GENERATE_SWIFT_ASSET_SYMBOL_EXTENSIONS = YES;
				CLANG_ANALYZER_NONNULL = YES;
				CLANG_ANALYZER_NUMBER_OBJECT_CONVERSION = YES_AGGRESSIVE;
				CLANG_CXX_LANGUAGE_STANDARD = "gnu++20";
				CLANG_ENABLE_MODULES = YES;
				CLANG_ENABLE_OBJC_ARC = YES;
				CLANG_ENABLE_OBJC_WEAK = YES;
				CLANG_WARN_BLOCK_CAPTURE_AUTORELEASING = YES;
				CLANG_WARN_BOOL_CONVERSION = YES;
				CLANG_WARN_COMMA = YES;
				CLANG_WARN_CONSTANT_CONVERSION = YES;
				CLANG_WARN_DEPRECATED_OBJC_IMPLEMENTATIONS = YES;
				CLANG_WARN_DIRECT_OBJC_ISA_USAGE = YES_ERROR;
				CLANG_WARN_DOCUMENTATION_COMMENTS = YES;
				CLANG_WARN_EMPTY_BODY = YES;
				CLANG_WARN_ENUM_CONVERSION = YES;
				CLANG_WARN_INFINITE_RECURSION = YES;
				CLANG_WARN_INT_CONVERSION = YES;
				CLANG_WARN_NON_LITERAL_NULL_CONVERSION = YES;
				CLANG_WARN_OBJC_IMPLICIT_RETAIN_SELF = YES;
				CLANG_WARN_OBJC_LITERAL_CONVERSION = YES;
				CLANG_WARN_OBJC_ROOT_CLASS = YES_ERROR;
				CLANG_WARN_QUOTED_INCLUDE_IN_FRAMEWORK_HEADER = YES;
				CLANG_WARN_RANGE_LOOP_ANALYSIS = YES;
				CLANG_WARN_STRICT_PROTOTYPES = YES;
				CLANG_WARN_SUSPICIOUS_MOVE = YES;
				CLANG_WARN_UNGUARDED_AVAILABILITY = YES_AGGRESSIVE;
				CLANG_WARN_UNREACHABLE_CODE = YES;
				CLANG_WARN__DUPLICATE_METHOD_MATCH = YES;
				COPY_PHASE_STRIP = NO;
				DEBUG_INFORMATION_FORMAT = dwarf;
				DEVELOPMENT_TEAM = X4Z5HF2BAJ;
				ENABLE_STRICT_OBJC_MSGSEND = YES;
				ENABLE_TESTABILITY = YES;
				ENABLE_USER_SCRIPT_SANDBOXING = YES;
				GCC_C_LANGUAGE_STANDARD = gnu17;
				GCC_DYNAMIC_NO_PIC = NO;
				GCC_NO_COMMON_BLOCKS = YES;
				GCC_OPTIMIZATION_LEVEL = 0;
				GCC_PREPROCESSOR_DEFINITIONS = (
					"DEBUG=1",
					"$(inherited)",
				);
				GCC_WARN_64_TO_32_BIT_CONVERSION = YES;
				GCC_WARN_ABOUT_RETURN_TYPE = YES_ERROR;
				GCC_WARN_UNDECLARED_SELECTOR = YES;
				GCC_WARN_UNINITIALIZED_AUTOS = YES_AGGRESSIVE;
				GCC_WARN_UNUSED_FUNCTION = YES;
				GCC_WARN_UNUSED_VARIABLE = YES;
				IPHONEOS_DEPLOYMENT_TARGET = 26.0;
				LOCALIZATION_PREFERS_STRING_CATALOGS = YES;
				MTL_ENABLE_DEBUG_INFO = INCLUDE_SOURCE;
				MTL_FAST_MATH = YES;
				ONLY_ACTIVE_ARCH = YES;
				SDKROOT = iphoneos;
				SWIFT_ACTIVE_COMPILATION_CONDITIONS = "DEBUG $(inherited)";
				SWIFT_OPTIMIZATION_LEVEL = "-Onone";
			};
			name = Debug;
		};
		BD4254522E978D3800ECF06A /* Release */ = {
			isa = XCBuildConfiguration;
			buildSettings = {
				ALWAYS_SEARCH_USER_PATHS = NO;
				ASSETCATALOG_COMPILER_GENERATE_SWIFT_ASSET_SYMBOL_EXTENSIONS = YES;
				CLANG_ANALYZER_NONNULL = YES;
				CLANG_ANALYZER_NUMBER_OBJECT_CONVERSION = YES_AGGRESSIVE;
				CLANG_CXX_LANGUAGE_STANDARD = "gnu++20";
				CLANG_ENABLE_MODULES = YES;
				CLANG_ENABLE_OBJC_ARC = YES;
				CLANG_ENABLE_OBJC_WEAK = YES;
				CLANG_WARN_BLOCK_CAPTURE_AUTORELEASING = YES;
				CLANG_WARN_BOOL_CONVERSION = YES;
				CLANG_WARN_COMMA = YES;
				CLANG_WARN_CONSTANT_CONVERSION = YES;
				CLANG_WARN_DEPRECATED_OBJC_IMPLEMENTATIONS = YES;
				CLANG_WARN_DIRECT_OBJC_ISA_USAGE = YES_ERROR;
				CLANG_WARN_DOCUMENTATION_COMMENTS = YES;
				CLANG_WARN_EMPTY_BODY = YES;
				CLANG_WARN_ENUM_CONVERSION = YES;
				CLANG_WARN_INFINITE_RECURSION = YES;
				CLANG_WARN_INT_CONVERSION = YES;
				CLANG_WARN_NON_LITERAL_NULL_CONVERSION = YES;
				CLANG_WARN_OBJC_IMPLICIT_RETAIN_SELF = YES;
				CLANG_WARN_OBJC_LITERAL_CONVERSION = YES;
				CLANG_WARN_OBJC_ROOT_CLASS = YES_ERROR;
				CLANG_WARN_QUOTED_INCLUDE_IN_FRAMEWORK_HEADER = YES;
				CLANG_WARN_RANGE_LOOP_ANALYSIS = YES;
				CLANG_WARN_STRICT_PROTOTYPES = YES;
				CLANG_WARN_SUSPICIOUS_MOVE = YES;
				CLANG_WARN_UNGUARDED_AVAILABILITY = YES_AGGRESSIVE;
				CLANG_WARN_UNREACHABLE_CODE = YES;
				CLANG_WARN__DUPLICATE_METHOD_MATCH = YES;
				COPY_PHASE_STRIP = NO;
				DEBUG_INFORMATION_FORMAT = "dwarf-with-dsym";
				DEVELOPMENT_TEAM = X4Z5HF2BAJ;
				ENABLE_NS_ASSERTIONS = NO;
				ENABLE_STRICT_OBJC_MSGSEND = YES;
				ENABLE_USER_SCRIPT_SANDBOXING = YES;
				GCC_C_LANGUAGE_STANDARD = gnu17;
				GCC_NO_COMMON_BLOCKS = YES;
				GCC_WARN_64_TO_32_BIT_CONVERSION = YES;
				GCC_WARN_ABOUT_RETURN_TYPE = YES_ERROR;
				GCC_WARN_UNDECLARED_SELECTOR = YES;
				GCC_WARN_UNINITIALIZED_AUTOS = YES_AGGRESSIVE;
				GCC_WARN_UNUSED_FUNCTION = YES;
				GCC_WARN_UNUSED_VARIABLE = YES;
				IPHONEOS_DEPLOYMENT_TARGET = 26.0;
				LOCALIZATION_PREFERS_STRING_CATALOGS = YES;
				MTL_ENABLE_DEBUG_INFO = NO;
				MTL_FAST_MATH = YES;
				SDKROOT = iphoneos;
				SWIFT_COMPILATION_MODE = wholemodule;
				VALIDATE_PRODUCT = YES;
			};
			name = Release;
		};
		BD4254542E978D3800ECF06A /* Debug */ = {
			isa = XCBuildConfiguration;
			buildSettings = {
				BUNDLE_LOADER = "$(TEST_HOST)";
				CODE_SIGN_STYLE = Automatic;
				CURRENT_PROJECT_VERSION = 1;
				DEVELOPMENT_TEAM = X4Z5HF2BAJ;
				GENERATE_INFOPLIST_FILE = YES;
				IPHONEOS_DEPLOYMENT_TARGET = 26.0;
				MARKETING_VERSION = 1.0;
				PRODUCT_BUNDLE_IDENTIFIER = com.sphynx.templeTagTests;
				PRODUCT_NAME = "$(TARGET_NAME)";
				STRING_CATALOG_GENERATE_SYMBOLS = NO;
				SWIFT_APPROACHABLE_CONCURRENCY = YES;
				SWIFT_EMIT_LOC_STRINGS = NO;
				SWIFT_UPCOMING_FEATURE_MEMBER_IMPORT_VISIBILITY = YES;
				SWIFT_VERSION = 5.0;
				TARGETED_DEVICE_FAMILY = "1,2";
				TEST_HOST = "$(BUILT_PRODUCTS_DIR)/templeTag.app/$(BUNDLE_EXECUTABLE_FOLDER_PATH)/templeTag";
			};
			name = Debug;
		};
		BD4254552E978D3800ECF06A /* Release */ = {
			isa = XCBuildConfiguration;
			buildSettings = {
				BUNDLE_LOADER = "$(TEST_HOST)";
				CODE_SIGN_STYLE = Automatic;
				CURRENT_PROJECT_VERSION = 1;
				DEVELOPMENT_TEAM = X4Z5HF2BAJ;
				GENERATE_INFOPLIST_FILE = YES;
				IPHONEOS_DEPLOYMENT_TARGET = 26.0;
				MARKETING_VERSION = 1.0;
				PRODUCT_BUNDLE_IDENTIFIER = com.sphynx.templeTagTests;
				PRODUCT_NAME = "$(TARGET_NAME)";
				STRING_CATALOG_GENERATE_SYMBOLS = NO;
				SWIFT_APPROACHABLE_CONCURRENCY = YES;
				SWIFT_EMIT_LOC_STRINGS = NO;
				SWIFT_UPCOMING_FEATURE_MEMBER_IMPORT_VISIBILITY = YES;
				SWIFT_VERSION = 5.0;
				TARGETED_DEVICE_FAMILY = "1,2";
				TEST_HOST = "$(BUILT_PRODUCTS_DIR)/templeTag.app/$(BUNDLE_EXECUTABLE_FOLDER_PATH)/templeTag";
			};
			name = Release;
		};
		BD4254572E978D3800ECF06A /* Debug */ = {
			isa = XCBuildConfiguration;
			buildSettings = {
				CODE_SIGN_STYLE = Automatic;
				CURRENT_PROJECT_VERSION = 1;
				DEVELOPMENT_TEAM = X4Z5HF2BAJ;
				GENERATE_INFOPLIST_FILE = YES;
				MARKETING_VERSION = 1.0;
				PRODUCT_BUNDLE_IDENTIFIER = com.sphynx.templeTagUITests;
				PRODUCT_NAME = "$(TARGET_NAME)";
				STRING_CATALOG_GENERATE_SYMBOLS = NO;
				SWIFT_APPROACHABLE_CONCURRENCY = YES;
				SWIFT_EMIT_LOC_STRINGS = NO;
				SWIFT_UPCOMING_FEATURE_MEMBER_IMPORT_VISIBILITY = YES;
				SWIFT_VERSION = 5.0;
				TARGETED_DEVICE_FAMILY = "1,2";
				TEST_TARGET_NAME = templeTag;
			};
			name = Debug;
		};
		BD4254582E978D3800ECF06A /* Release */ = {
			isa = XCBuildConfiguration;
			buildSettings = {
				CODE_SIGN_STYLE = Automatic;
				CURRENT_PROJECT_VERSION = 1;
				DEVELOPMENT_TEAM = X4Z5HF2BAJ;
				GENERATE_INFOPLIST_FILE = YES;
				MARKETING_VERSION = 1.0;
				PRODUCT_BUNDLE_IDENTIFIER = com.sphynx.templeTagUITests;
				PRODUCT_NAME = "$(TARGET_NAME)";
				STRING_CATALOG_GENERATE_SYMBOLS = NO;
				SWIFT_APPROACHABLE_CONCURRENCY = YES;
				SWIFT_EMIT_LOC_STRINGS = NO;
				SWIFT_UPCOMING_FEATURE_MEMBER_IMPORT_VISIBILITY = YES;
				SWIFT_VERSION = 5.0;
				TARGETED_DEVICE_FAMILY = "1,2";
				TEST_TARGET_NAME = templeTag;
			};
			name = Release;
		};
/* End XCBuildConfiguration section */

/* Begin XCConfigurationList section */
		BD4254252E978D3700ECF06A /* Build configuration list for PBXProject "templeTag" */ = {
			isa = XCConfigurationList;
			buildConfigurations = (
				BD4254512E978D3800ECF06A /* Debug */,
				BD4254522E978D3800ECF06A /* Release */,
			);
			defaultConfigurationIsVisible = 0;
			defaultConfigurationName = Release;
		};
		BD42544E2E978D3800ECF06A /* Build configuration list for PBXNativeTarget "templeTag" */ = {
			isa = XCConfigurationList;
			buildConfigurations = (
				BD42544F2E978D3800ECF06A /* Debug */,
				BD4254502E978D3800ECF06A /* Release */,
			);
			defaultConfigurationIsVisible = 0;
			defaultConfigurationName = Release;
		};
		BD4254532E978D3800ECF06A /* Build configuration list for PBXNativeTarget "templeTagTests" */ = {
			isa = XCConfigurationList;
			buildConfigurations = (
				BD4254542E978D3800ECF06A /* Debug */,
				BD4254552E978D3800ECF06A /* Release */,
			);
			defaultConfigurationIsVisible = 0;
			defaultConfigurationName = Release;
		};
		BD4254562E978D3800ECF06A /* Build configuration list for PBXNativeTarget "templeTagUITests" */ = {
			isa = XCConfigurationList;
			buildConfigurations = (
				BD4254572E978D3800ECF06A /* Debug */,
				BD4254582E978D3800ECF06A /* Release */,
			);
			defaultConfigurationIsVisible = 0;
			defaultConfigurationName = Release;
		};
/* End XCConfigurationList section */

/* Begin XCRemoteSwiftPackageReference section */
		BDFB53032E9E163B00CA6CD8 /* XCRemoteSwiftPackageReference "firebase-ios-sdk" */ = {
			isa = XCRemoteSwiftPackageReference;
			repositoryURL = "https://github.com/firebase/firebase-ios-sdk";
			requirement = {
				kind = upToNextMajorVersion;
				minimumVersion = 12.4.0;
			};
		};
		BDFB530C2E9E1A0A00CA6CD8 /* XCRemoteSwiftPackageReference "GoogleSignIn-iOS" */ = {
			isa = XCRemoteSwiftPackageReference;
			repositoryURL = "https://github.com/google/GoogleSignIn-iOS";
			requirement = {
				kind = upToNextMajorVersion;
				minimumVersion = 9.0.0;
			};
		};
/* End XCRemoteSwiftPackageReference section */

/* Begin XCSwiftPackageProductDependency section */
		BDFA7EB12E9E247D006A9577 /* GoogleSignInSwift */ = {
			isa = XCSwiftPackageProductDependency;
			package = BDFB530C2E9E1A0A00CA6CD8 /* XCRemoteSwiftPackageReference "GoogleSignIn-iOS" */;
			productName = GoogleSignInSwift;
		};
		BDFB53042E9E163B00CA6CD8 /* FirebaseAuth */ = {
			isa = XCSwiftPackageProductDependency;
			package = BDFB53032E9E163B00CA6CD8 /* XCRemoteSwiftPackageReference "firebase-ios-sdk" */;
			productName = FirebaseAuth;
		};
		BDFB53062E9E163B00CA6CD8 /* FirebaseCore */ = {
			isa = XCSwiftPackageProductDependency;
			package = BDFB53032E9E163B00CA6CD8 /* XCRemoteSwiftPackageReference "firebase-ios-sdk" */;
			productName = FirebaseCore;
		};
		BDFB53082E9E163B00CA6CD8 /* FirebaseFirestore */ = {
			isa = XCSwiftPackageProductDependency;
			package = BDFB53032E9E163B00CA6CD8 /* XCRemoteSwiftPackageReference "firebase-ios-sdk" */;
			productName = FirebaseFirestore;
		};
		BDFB530D2E9E1A0A00CA6CD8 /* GoogleSignIn */ = {
			isa = XCSwiftPackageProductDependency;
			package = BDFB530C2E9E1A0A00CA6CD8 /* XCRemoteSwiftPackageReference "GoogleSignIn-iOS" */;
			productName = GoogleSignIn;
		};
/* End XCSwiftPackageProductDependency section */
	};
	rootObject = BD4254222E978D3700ECF06A /* Project object */;
}
